
Microsoft Visual Studio Solution File, Format Version 12.00
# Visual Studio Version 16
VisualStudioVersion = 16.0.29230.47
MinimumVisualStudioVersion = 10.0.40219.1
Project("{FAE04EC0-301F-11D3-BF4B-00C04F79EFBC}") = "Illumi_CLI", "Illumi_CLI\Illumi_CLI.csproj", "{D04116A0-F365-40F2-BD92-C3501A3BA0A7}"
EndProject
Global
	GlobalSection(SolutionConfigurationPlatforms) = preSolution
		Debug|Any CPU = Debug|Any CPU
		Release|Any CPU = Release|Any CPU
	EndGlobalSection
	GlobalSection(ProjectConfigurationPlatforms) = postSolution
		{D04116A0-F365-40F2-BD92-C3501A3BA0A7}.Debug|Any CPU.ActiveCfg = Debug|Any CPU
		{D04116A0-F365-40F2-BD92-C3501A3BA0A7}.Debug|Any CPU.Build.0 = Debug|Any CPU
		{D04116A0-F365-40F2-BD92-C3501A3BA0A7}.Release|Any CPU.ActiveCfg = Release|Any CPU
		{D04116A0-F365-40F2-BD92-C3501A3BA0A7}.Release|Any CPU.Build.0 = Release|Any CPU
	EndGlobalSection
	GlobalSection(SolutionProperties) = preSolution
		HideSolutionNode = FALSE
	EndGlobalSection
	GlobalSection(ExtensibilityGlobals) = postSolution
		SolutionGuid = {99884B04-D492-460C-A4E9-38B1EA18F76D}
	EndGlobalSection
EndGlobal
